
Microsoft Visual Studio Solution File, Format Version 12.00
# Visual Studio Version 16
VisualStudioVersion = 16.0.32106.194
MinimumVisualStudioVersion = 10.0.40219.1
Project("{FAE04EC0-301F-11D3-BF4B-00C04F79EFBC}") = "ConsoleApp1", "ConsoleApp1\ConsoleApp1.csproj", "{67E9F4B8-7638-4A44-820F-D3D0EA40DECC}"
EndProject
Global
	GlobalSection(SolutionConfigurationPlatforms) = preSolution
		Debug|Any CPU = Debug|Any CPU
		Release|Any CPU = Release|Any CPU
	EndGlobalSection
	GlobalSection(ProjectConfigurationPlatforms) = postSolution
		{67E9F4B8-7638-4A44-820F-D3D0EA40DECC}.Debug|Any CPU.ActiveCfg = Debug|Any CPU
		{67E9F4B8-7638-4A44-820F-D3D0EA40DECC}.Debug|Any CPU.Build.0 = Debug|Any CPU
		{67E9F4B8-7638-4A44-820F-D3D0EA40DECC}.Release|Any CPU.ActiveCfg = Release|Any CPU
		{67E9F4B8-7638-4A44-820F-D3D0EA40DECC}.Release|Any CPU.Build.0 = Release|Any CPU
	EndGlobalSection
	GlobalSection(SolutionProperties) = preSolution
		HideSolutionNode = FALSE
	EndGlobalSection
	GlobalSection(ExtensibilityGlobals) = postSolution
		SolutionGuid = {89342D37-4BF6-4C52-AEFA-56B371B659F5}
	EndGlobalSection
EndGlobal
